
Microsoft Visual Studio Solution File, Format Version 12.00
# Visual Studio 15
VisualStudioVersion = 15.0.28307.1062
MinimumVisualStudioVersion = 10.0.40219.1
Project("{FAE04EC0-301F-11D3-BF4B-00C04F79EFBC}") = "Server_Syafira Jafar_2018040070", "Server_Syafira Jafar_2018040070\Server_Syafira Jafar_2018040070.csproj", "{6195FBB7-2FBA-42C9-924F-DD975662D1E8}"
EndProject
Global
	GlobalSection(SolutionConfigurationPlatforms) = preSolution
		Debug|Any CPU = Debug|Any CPU
		Release|Any CPU = Release|Any CPU
	EndGlobalSection
	GlobalSection(ProjectConfigurationPlatforms) = postSolution
		{6195FBB7-2FBA-42C9-924F-DD975662D1E8}.Debug|Any CPU.ActiveCfg = Debug|Any CPU
		{6195FBB7-2FBA-42C9-924F-DD975662D1E8}.Debug|Any CPU.Build.0 = Debug|Any CPU
		{6195FBB7-2FBA-42C9-924F-DD975662D1E8}.Release|Any CPU.ActiveCfg = Release|Any CPU
		{6195FBB7-2FBA-42C9-924F-DD975662D1E8}.Release|Any CPU.Build.0 = Release|Any CPU
	EndGlobalSection
	GlobalSection(SolutionProperties) = preSolution
		HideSolutionNode = FALSE
	EndGlobalSection
	GlobalSection(ExtensibilityGlobals) = postSolution
		SolutionGuid = {3C726F2E-D4A3-494A-BDBA-7CB38DB25040}
	EndGlobalSection
EndGlobal
